// !$*UTF8*$!
{
	archiveVersion = 1;
	classes = {
	};
	objectVersion = 46;
	objects = {

/* Begin PBXBuildFile section */
		B48BB5BE1E5451C8006F1B1A /* main.m in Sources */ = {isa = PBXBuildFile; fileRef = B48BB5BD1E5451C8006F1B1A /* main.m */; };
		B48BB5C11E5451C8006F1B1A /* AppDelegate.m in Sources */ = {isa = PBXBuildFile; fileRef = B48BB5C01E5451C8006F1B1A /* AppDelegate.m */; };
		B48BB5C41E5451C8006F1B1A /* ViewController.m in Sources */ = {isa = PBXBuildFile; fileRef = B48BB5C31E5451C8006F1B1A /* ViewController.m */; };
		B48BB5C71E5451C8006F1B1A /* Main.storyboard in Resources */ = {isa = PBXBuildFile; fileRef = B48BB5C51E5451C8006F1B1A /* Main.storyboard */; };
		B48BB5C91E5451C8006F1B1A /* Assets.xcassets in Resources */ = {isa = PBXBuildFile; fileRef = B48BB5C81E5451C8006F1B1A /* Assets.xcassets */; };
		B48BB5CC1E5451C8006F1B1A /* LaunchScreen.storyboard in Resources */ = {isa = PBXBuildFile; fileRef = B48BB5CA1E5451C8006F1B1A /* LaunchScreen.storyboard */; };
		B48BB5D71E5451C9006F1B1A /* BWNetworkKitTests.m in Sources */ = {isa = PBXBuildFile; fileRef = B48BB5D61E5451C9006F1B1A /* BWNetworkKitTests.m */; };
		B48BB5E21E5451C9006F1B1A /* BWNetworkKitUITests.m in Sources */ = {isa = PBXBuildFile; fileRef = B48BB5E11E5451C9006F1B1A /* BWNetworkKitUITests.m */; };
		B4B92D8D201ED3D20008A4A6 /* BWYTKLoginApi.m in Sources */ = {isa = PBXBuildFile; fileRef = B4B92D8C201ED3D20008A4A6 /* BWYTKLoginApi.m */; };
		FE211D668E6F9C58AC821B04 /* libPods-BWNetworkKit.a in Frameworks */ = {isa = PBXBuildFile; fileRef = 17DC1B38AF1A549209FF0935 /* libPods-BWNetworkKit.a */; };
/* End PBXBuildFile section */

/* Begin PBXContainerItemProxy section */
		B48BB5D31E5451C9006F1B1A /* PBXContainerItemProxy */ = {
			isa = PBXContainerItemProxy;
			containerPortal = B48BB5B11E5451C8006F1B1A /* Project object */;
			proxyType = 1;
			remoteGlobalIDString = B48BB5B81E5451C8006F1B1A;
			remoteInfo = BWNetworkKit;
		};
		B48BB5DE1E5451C9006F1B1A /* PBXContainerItemProxy */ = {
			isa = PBXContainerItemProxy;
			containerPortal = B48BB5B11E5451C8006F1B1A /* Project object */;
			proxyType = 1;
			remoteGlobalIDString = B48BB5B81E5451C8006F1B1A;
			remoteInfo = BWNetworkKit;
		};
/* End PBXContainerItemProxy section */

/* Begin PBXFileReference section */
		17DC1B38AF1A549209FF0935 /* libPods-BWNetworkKit.a */ = {isa = PBXFileReference; explicitFileType = archive.ar; includeInIndex = 0; path = "libPods-BWNetworkKit.a"; sourceTree = BUILT_PRODUCTS_DIR; };
		23B7EA081DBE7A87444BB2A9 /* Pods-BWNetworkKit.release.xcconfig */ = {isa = PBXFileReference; includeInIndex = 1; lastKnownFileType = text.xcconfig; name = "Pods-BWNetworkKit.release.xcconfig"; path = "Pods/Target Support Files/Pods-BWNetworkKit/Pods-BWNetworkKit.release.xcconfig"; sourceTree = "<group>"; };
		B48BB5B91E5451C8006F1B1A /* BWNetworkKit.app */ = {isa = PBXFileReference; explicitFileType = wrapper.application; includeInIndex = 0; path = BWNetworkKit.app; sourceTree = BUILT_PRODUCTS_DIR; };
		B48BB5BD1E5451C8006F1B1A /* main.m */ = {isa = PBXFileReference; lastKnownFileType = sourcecode.c.objc; path = main.m; sourceTree = "<group>"; };
		B48BB5BF1E5451C8006F1B1A /* AppDelegate.h */ = {isa = PBXFileReference; lastKnownFileType = sourcecode.c.h; path = AppDelegate.h; sourceTree = "<group>"; };
		B48BB5C01E5451C8006F1B1A /* AppDelegate.m */ = {isa = PBXFileReference; lastKnownFileType = sourcecode.c.objc; path = AppDelegate.m; sourceTree = "<group>"; };
		B48BB5C21E5451C8006F1B1A /* ViewController.h */ = {isa = PBXFileReference; lastKnownFileType = sourcecode.c.h; path = ViewController.h; sourceTree = "<group>"; };
		B48BB5C31E5451C8006F1B1A /* ViewController.m */ = {isa = PBXFileReference; lastKnownFileType = sourcecode.c.objc; path = ViewController.m; sourceTree = "<group>"; };
		B48BB5C61E5451C8006F1B1A /* Base */ = {isa = PBXFileReference; lastKnownFileType = file.storyboard; name = Base; path = Base.lproj/Main.storyboard; sourceTree = "<group>"; };
		B48BB5C81E5451C8006F1B1A /* Assets.xcassets */ = {isa = PBXFileReference; lastKnownFileType = folder.assetcatalog; path = Assets.xcassets; sourceTree = "<group>"; };
		B48BB5CB1E5451C8006F1B1A /* Base */ = {isa = PBXFileReference; lastKnownFileType = file.storyboard; name = Base; path = Base.lproj/LaunchScreen.storyboard; sourceTree = "<group>"; };
		B48BB5CD1E5451C8006F1B1A /* Info.plist */ = {isa = PBXFileReference; lastKnownFileType = text.plist.xml; path = Info.plist; sourceTree = "<group>"; };
		B48BB5D21E5451C9006F1B1A /* BWNetworkKitTests.xctest */ = {isa = PBXFileReference; explicitFileType = wrapper.cfbundle; includeInIndex = 0; path = BWNetworkKitTests.xctest; sourceTree = BUILT_PRODUCTS_DIR; };
		B48BB5D61E5451C9006F1B1A /* BWNetworkKitTests.m */ = {isa = PBXFileReference; lastKnownFileType = sourcecode.c.objc; path = BWNetworkKitTests.m; sourceTree = "<group>"; };
		B48BB5D81E5451C9006F1B1A /* Info.plist */ = {isa = PBXFileReference; lastKnownFileType = text.plist.xml; path = Info.plist; sourceTree = "<group>"; };
		B48BB5DD1E5451C9006F1B1A /* BWNetworkKitUITests.xctest */ = {isa = PBXFileReference; explicitFileType = wrapper.cfbundle; includeInIndex = 0; path = BWNetworkKitUITests.xctest; sourceTree = BUILT_PRODUCTS_DIR; };
		B48BB5E11E5451C9006F1B1A /* BWNetworkKitUITests.m */ = {isa = PBXFileReference; lastKnownFileType = sourcecode.c.objc; path = BWNetworkKitUITests.m; sourceTree = "<group>"; };
		B48BB5E31E5451C9006F1B1A /* Info.plist */ = {isa = PBXFileReference; lastKnownFileType = text.plist.xml; path = Info.plist; sourceTree = "<group>"; };
		B4B92D8B201ED3D20008A4A6 /* BWYTKLoginApi.h */ = {isa = PBXFileReference; lastKnownFileType = sourcecode.c.h; path = BWYTKLoginApi.h; sourceTree = "<group>"; };
		B4B92D8C201ED3D20008A4A6 /* BWYTKLoginApi.m */ = {isa = PBXFileReference; lastKnownFileType = sourcecode.c.objc; path = BWYTKLoginApi.m; sourceTree = "<group>"; };
		D09A88B268A10848B4A5A88B /* Pods-BWNetworkKit.debug.xcconfig */ = {isa = PBXFileReference; includeInIndex = 1; lastKnownFileType = text.xcconfig; name = "Pods-BWNetworkKit.debug.xcconfig"; path = "Pods/Target Support Files/Pods-BWNetworkKit/Pods-BWNetworkKit.debug.xcconfig"; sourceTree = "<group>"; };
/* End PBXFileReference section */

/* Begin PBXFrameworksBuildPhase section */
		B48BB5B61E5451C8006F1B1A /* Frameworks */ = {
			isa = PBXFrameworksBuildPhase;
			buildActionMask = 2147483647;
			files = (
				FE211D668E6F9C58AC821B04 /* libPods-BWNetworkKit.a in Frameworks */,
			);
			runOnlyForDeploymentPostprocessing = 0;
		};
		B48BB5CF1E5451C9006F1B1A /* Frameworks */ = {
			isa = PBXFrameworksBuildPhase;
			buildActionMask = 2147483647;
			files = (
			);
			runOnlyForDeploymentPostprocessing = 0;
		};
		B48BB5DA1E5451C9006F1B1A /* Frameworks */ = {
			isa = PBXFrameworksBuildPhase;
			buildActionMask = 2147483647;
			files = (
			);
			runOnlyForDeploymentPostprocessing = 0;
		};
/* End PBXFrameworksBuildPhase section */

/* Begin PBXGroup section */
		966EAFE05190A96989AEA6C5 /* Pods */ = {
			isa = PBXGroup;
			children = (
				D09A88B268A10848B4A5A88B /* Pods-BWNetworkKit.debug.xcconfig */,
				23B7EA081DBE7A87444BB2A9 /* Pods-BWNetworkKit.release.xcconfig */,
			);
			name = Pods;
			sourceTree = "<group>";
		};
		B48BB5B01E5451C8006F1B1A = {
			isa = PBXGroup;
			children = (
				B48BB5BB1E5451C8006F1B1A /* BWNetworkKit */,
				B48BB5D51E5451C9006F1B1A /* BWNetworkKitTests */,
				B48BB5E01E5451C9006F1B1A /* BWNetworkKitUITests */,
				B48BB5BA1E5451C8006F1B1A /* Products */,
				966EAFE05190A96989AEA6C5 /* Pods */,
				BAB5AC5A68FF9F80A9EA166B /* Frameworks */,
			);
			sourceTree = "<group>";
		};
		B48BB5BA1E5451C8006F1B1A /* Products */ = {
			isa = PBXGroup;
			children = (
				B48BB5B91E5451C8006F1B1A /* BWNetworkKit.app */,
				B48BB5D21E5451C9006F1B1A /* BWNetworkKitTests.xctest */,
				B48BB5DD1E5451C9006F1B1A /* BWNetworkKitUITests.xctest */,
			);
			name = Products;
			sourceTree = "<group>";
		};
		B48BB5BB1E5451C8006F1B1A /* BWNetworkKit */ = {
			isa = PBXGroup;
			children = (
				B48BB5BF1E5451C8006F1B1A /* AppDelegate.h */,
				B48BB5C01E5451C8006F1B1A /* AppDelegate.m */,
				B48BB5C21E5451C8006F1B1A /* ViewController.h */,
				B48BB5C31E5451C8006F1B1A /* ViewController.m */,
				B48BB5C51E5451C8006F1B1A /* Main.storyboard */,
				B48BB5C81E5451C8006F1B1A /* Assets.xcassets */,
				B4B92D87201EB3F20008A4A6 /* Network */,
				B48BB5BC1E5451C8006F1B1A /* Supporting Files */,
			);
			path = BWNetworkKit;
			sourceTree = "<group>";
		};
		B48BB5BC1E5451C8006F1B1A /* Supporting Files */ = {
			isa = PBXGroup;
			children = (
				B48BB5BD1E5451C8006F1B1A /* main.m */,
				B48BB5CD1E5451C8006F1B1A /* Info.plist */,
				B48BB5CA1E5451C8006F1B1A /* LaunchScreen.storyboard */,
			);
			name = "Supporting Files";
			sourceTree = "<group>";
		};
		B48BB5D51E5451C9006F1B1A /* BWNetworkKitTests */ = {
			isa = PBXGroup;
			children = (
				B48BB5D61E5451C9006F1B1A /* BWNetworkKitTests.m */,
				B48BB5D81E5451C9006F1B1A /* Info.plist */,
			);
			path = BWNetworkKitTests;
			sourceTree = "<group>";
		};
		B48BB5E01E5451C9006F1B1A /* BWNetworkKitUITests */ = {
			isa = PBXGroup;
			children = (
				B48BB5E11E5451C9006F1B1A /* BWNetworkKitUITests.m */,
				B48BB5E31E5451C9006F1B1A /* Info.plist */,
			);
			path = BWNetworkKitUITests;
			sourceTree = "<group>";
		};
		B4B92D87201EB3F20008A4A6 /* Network */ = {
			isa = PBXGroup;
			children = (
				B4B92D89201EB3F20008A4A6 /* NSURLSession */,
				B4B92D88201EB3F20008A4A6 /* AFNetworking */,
				B4B92D8A201EB3F20008A4A6 /* YTKNetwork */,
			);
			path = Network;
			sourceTree = "<group>";
		};
		B4B92D88201EB3F20008A4A6 /* AFNetworking */ = {
			isa = PBXGroup;
			children = (
			);
			path = AFNetworking;
			sourceTree = "<group>";
		};
		B4B92D89201EB3F20008A4A6 /* NSURLSession */ = {
			isa = PBXGroup;
			children = (
			);
			path = NSURLSession;
			sourceTree = "<group>";
		};
		B4B92D8A201EB3F20008A4A6 /* YTKNetwork */ = {
			isa = PBXGroup;
			children = (
				B4B92D8B201ED3D20008A4A6 /* BWYTKLoginApi.h */,
				B4B92D8C201ED3D20008A4A6 /* BWYTKLoginApi.m */,
			);
			path = YTKNetwork;
			sourceTree = "<group>";
		};
		BAB5AC5A68FF9F80A9EA166B /* Frameworks */ = {
			isa = PBXGroup;
			children = (
				17DC1B38AF1A549209FF0935 /* libPods-BWNetworkKit.a */,
			);
			name = Frameworks;
			sourceTree = "<group>";
		};
/* End PBXGroup section */

/* Begin PBXNativeTarget section */
		B48BB5B81E5451C8006F1B1A /* BWNetworkKit */ = {
			isa = PBXNativeTarget;
			buildConfigurationList = B48BB5E61E5451C9006F1B1A /* Build configuration list for PBXNativeTarget "BWNetworkKit" */;
			buildPhases = (
				28119ACF380EA939F4403692 /* [CP] Check Pods Manifest.lock */,
				B48BB5B51E5451C8006F1B1A /* Sources */,
				B48BB5B61E5451C8006F1B1A /* Frameworks */,
				B48BB5B71E5451C8006F1B1A /* Resources */,
				368D34E7C1B3249A000CDA9F /* [CP] Embed Pods Frameworks */,
				B5EB214B0040C5356ED1713C /* [CP] Copy Pods Resources */,
			);
			buildRules = (
			);
			dependencies = (
			);
			name = BWNetworkKit;
			productName = BWNetworkKit;
			productReference = B48BB5B91E5451C8006F1B1A /* BWNetworkKit.app */;
			productType = "com.apple.product-type.application";
		};
		B48BB5D11E5451C9006F1B1A /* BWNetworkKitTests */ = {
			isa = PBXNativeTarget;
			buildConfigurationList = B48BB5E91E5451C9006F1B1A /* Build configuration list for PBXNativeTarget "BWNetworkKitTests" */;
			buildPhases = (
				B48BB5CE1E5451C9006F1B1A /* Sources */,
				B48BB5CF1E5451C9006F1B1A /* Frameworks */,
				B48BB5D01E5451C9006F1B1A /* Resources */,
			);
			buildRules = (
			);
			dependencies = (
				B48BB5D41E5451C9006F1B1A /* PBXTargetDependency */,
			);
			name = BWNetworkKitTests;
			productName = BWNetworkKitTests;
			productReference = B48BB5D21E5451C9006F1B1A /* BWNetworkKitTests.xctest */;
			productType = "com.apple.product-type.bundle.unit-test";
		};
		B48BB5DC1E5451C9006F1B1A /* BWNetworkKitUITests */ = {
			isa = PBXNativeTarget;
			buildConfigurationList = B48BB5EC1E5451C9006F1B1A /* Build configuration list for PBXNativeTarget "BWNetworkKitUITests" */;
			buildPhases = (
				B48BB5D91E5451C9006F1B1A /* Sources */,
				B48BB5DA1E5451C9006F1B1A /* Frameworks */,
				B48BB5DB1E5451C9006F1B1A /* Resources */,
			);
			buildRules = (
			);
			dependencies = (
				B48BB5DF1E5451C9006F1B1A /* PBXTargetDependency */,
			);
			name = BWNetworkKitUITests;
			productName = BWNetworkKitUITests;
			productReference = B48BB5DD1E5451C9006F1B1A /* BWNetworkKitUITests.xctest */;
			productType = "com.apple.product-type.bundle.ui-testing";
		};
/* End PBXNativeTarget section */

/* Begin PBXProject section */
		B48BB5B11E5451C8006F1B1A /* Project object */ = {
			isa = PBXProject;
			attributes = {
				LastUpgradeCheck = 0820;
				ORGANIZATIONNAME = BobWong;
				TargetAttributes = {
					B48BB5B81E5451C8006F1B1A = {
						CreatedOnToolsVersion = 8.2.1;
						DevelopmentTeam = V3E8GUFW32;
						ProvisioningStyle = Automatic;
					};
					B48BB5D11E5451C9006F1B1A = {
						CreatedOnToolsVersion = 8.2.1;
						DevelopmentTeam = V3E8GUFW32;
						ProvisioningStyle = Automatic;
						TestTargetID = B48BB5B81E5451C8006F1B1A;
					};
					B48BB5DC1E5451C9006F1B1A = {
						CreatedOnToolsVersion = 8.2.1;
						DevelopmentTeam = V3E8GUFW32;
						ProvisioningStyle = Automatic;
						TestTargetID = B48BB5B81E5451C8006F1B1A;
					};
				};
			};
			buildConfigurationList = B48BB5B41E5451C8006F1B1A /* Build configuration list for PBXProject "BWNetworkKit" */;
			compatibilityVersion = "Xcode 3.2";
			developmentRegion = English;
			hasScannedForEncodings = 0;
			knownRegions = (
				en,
				Base,
			);
			mainGroup = B48BB5B01E5451C8006F1B1A;
			productRefGroup = B48BB5BA1E5451C8006F1B1A /* Products */;
			projectDirPath = "";
			projectRoot = "";
			targets = (
				B48BB5B81E5451C8006F1B1A /* BWNetworkKit */,
				B48BB5D11E5451C9006F1B1A /* BWNetworkKitTests */,
				B48BB5DC1E5451C9006F1B1A /* BWNetworkKitUITests */,
			);
		};
/* End PBXProject section */

/* Begin PBXResourcesBuildPhase section */
		B48BB5B71E5451C8006F1B1A /* Resources */ = {
			isa = PBXResourcesBuildPhase;
			buildActionMask = 2147483647;
			files = (
				B48BB5CC1E5451C8006F1B1A /* LaunchScreen.storyboard in Resources */,
				B48BB5C91E5451C8006F1B1A /* Assets.xcassets in Resources */,
				B48BB5C71E5451C8006F1B1A /* Main.storyboard in Resources */,
			);
			runOnlyForDeploymentPostprocessing = 0;
		};
		B48BB5D01E5451C9006F1B1A /* Resources */ = {
			isa = PBXResourcesBuildPhase;
			buildActionMask = 2147483647;
			files = (
			);
			runOnlyForDeploymentPostprocessing = 0;
		};
		B48BB5DB1E5451C9006F1B1A /* Resources */ = {
			isa = PBXResourcesBuildPhase;
			buildActionMask = 2147483647;
			files = (
			);
			runOnlyForDeploymentPostprocessing = 0;
		};
/* End PBXResourcesBuildPhase section */

/* Begin PBXShellScriptBuildPhase section */
		28119ACF380EA939F4403692 /* [CP] Check Pods Manifest.lock */ = {
			isa = PBXShellScriptBuildPhase;
			buildActionMask = 2147483647;
			files = (
			);
			inputPaths = (
				"${PODS_PODFILE_DIR_PATH}/Podfile.lock",
				"${PODS_ROOT}/Manifest.lock",
			);
			name = "[CP] Check Pods Manifest.lock";
			outputPaths = (
				"$(DERIVED_FILE_DIR)/Pods-BWNetworkKit-checkManifestLockResult.txt",
			);
			runOnlyForDeploymentPostprocessing = 0;
			shellPath = /bin/sh;
			shellScript = "diff \"${PODS_PODFILE_DIR_PATH}/Podfile.lock\" \"${PODS_ROOT}/Manifest.lock\" > /dev/null\nif [ $? != 0 ] ; then\n    # print error to STDERR\n    echo \"error: The sandbox is not in sync with the Podfile.lock. Run 'pod install' or update your CocoaPods installation.\" >&2\n    exit 1\nfi\n# This output is used by Xcode 'outputs' to avoid re-running this script phase.\necho \"SUCCESS\" > \"${SCRIPT_OUTPUT_FILE_0}\"\n";
			showEnvVarsInLog = 0;
		};
		368D34E7C1B3249A000CDA9F /* [CP] Embed Pods Frameworks */ = {
			isa = PBXShellScriptBuildPhase;
			buildActionMask = 2147483647;
			files = (
			);
			inputPaths = (
			);
			name = "[CP] Embed Pods Frameworks";
			outputPaths = (
			);
			runOnlyForDeploymentPostprocessing = 0;
			shellPath = /bin/sh;
			shellScript = "\"${SRCROOT}/Pods/Target Support Files/Pods-BWNetworkKit/Pods-BWNetworkKit-frameworks.sh\"\n";
			showEnvVarsInLog = 0;
		};
		B5EB214B0040C5356ED1713C /* [CP] Copy Pods Resources */ = {
			isa = PBXShellScriptBuildPhase;
			buildActionMask = 2147483647;
			files = (
			);
			inputPaths = (
			);
			name = "[CP] Copy Pods Resources";
			outputPaths = (
			);
			runOnlyForDeploymentPostprocessing = 0;
			shellPath = /bin/sh;
			shellScript = "\"${SRCROOT}/Pods/Target Support Files/Pods-BWNetworkKit/Pods-BWNetworkKit-resources.sh\"\n";
			showEnvVarsInLog = 0;
		};
/* End PBXShellScriptBuildPhase section */

/* Begin PBXSourcesBuildPhase section */
		B48BB5B51E5451C8006F1B1A /* Sources */ = {
			isa = PBXSourcesBuildPhase;
			buildActionMask = 2147483647;
			files = (
				B48BB5C41E5451C8006F1B1A /* ViewController.m in Sources */,
				B48BB5C11E5451C8006F1B1A /* AppDelegate.m in Sources */,
				B4B92D8D201ED3D20008A4A6 /* BWYTKLoginApi.m in Sources */,
				B48BB5BE1E5451C8006F1B1A /* main.m in Sources */,
			);
			runOnlyForDeploymentPostprocessing = 0;
		};
		B48BB5CE1E5451C9006F1B1A /* Sources */ = {
			isa = PBXSourcesBuildPhase;
			buildActionMask = 2147483647;
			files = (
				B48BB5D71E5451C9006F1B1A /* BWNetworkKitTests.m in Sources */,
			);
			runOnlyForDeploymentPostprocessing = 0;
		};
		B48BB5D91E5451C9006F1B1A /* Sources */ = {
			isa = PBXSourcesBuildPhase;
			buildActionMask = 2147483647;
			files = (
				B48BB5E21E5451C9006F1B1A /* BWNetworkKitUITests.m in Sources */,
			);
			runOnlyForDeploymentPostprocessing = 0;
		};
/* End PBXSourcesBuildPhase section */

/* Begin PBXTargetDependency section */
		B48BB5D41E5451C9006F1B1A /* PBXTargetDependency */ = {
			isa = PBXTargetDependency;
			target = B48BB5B81E5451C8006F1B1A /* BWNetworkKit */;
			targetProxy = B48BB5D31E5451C9006F1B1A /* PBXContainerItemProxy */;
		};
		B48BB5DF1E5451C9006F1B1A /* PBXTargetDependency */ = {
			isa = PBXTargetDependency;
			target = B48BB5B81E5451C8006F1B1A /* BWNetworkKit */;
			targetProxy = B48BB5DE1E5451C9006F1B1A /* PBXContainerItemProxy */;
		};
/* End PBXTargetDependency section */

/* Begin PBXVariantGroup section */
		B48BB5C51E5451C8006F1B1A /* Main.storyboard */ = {
			isa = PBXVariantGroup;
			children = (
				B48BB5C61E5451C8006F1B1A /* Base */,
			);
			name = Main.storyboard;
			sourceTree = "<group>";
		};
		B48BB5CA1E5451C8006F1B1A /* LaunchScreen.storyboard */ = {
			isa = PBXVariantGroup;
			children = (
				B48BB5CB1E5451C8006F1B1A /* Base */,
			);
			name = LaunchScreen.storyboard;
			sourceTree = "<group>";
		};
/* End PBXVariantGroup section */

/* Begin XCBuildConfiguration section */
		B48BB5E41E5451C9006F1B1A /* Debug */ = {
			isa = XCBuildConfiguration;
			buildSettings = {
				ALWAYS_SEARCH_USER_PATHS = NO;
				CLANG_ANALYZER_NONNULL = YES;
				CLANG_CXX_LANGUAGE_STANDARD = "gnu++0x";
				CLANG_CXX_LIBRARY = "libc++";
				CLANG_ENABLE_MODULES = YES;
				CLANG_ENABLE_OBJC_ARC = YES;
				CLANG_WARN_BOOL_CONVERSION = YES;
				CLANG_WARN_CONSTANT_CONVERSION = YES;
				CLANG_WARN_DIRECT_OBJC_ISA_USAGE = YES_ERROR;
				CLANG_WARN_DOCUMENTATION_COMMENTS = YES;
				CLANG_WARN_EMPTY_BODY = YES;
				CLANG_WARN_ENUM_CONVERSION = YES;
				CLANG_WARN_INFINITE_RECURSION = YES;
				CLANG_WARN_INT_CONVERSION = YES;
				CLANG_WARN_OBJC_ROOT_CLASS = YES_ERROR;
				CLANG_WARN_SUSPICIOUS_MOVE = YES;
				CLANG_WARN_UNREACHABLE_CODE = YES;
				CLANG_WARN__DUPLICATE_METHOD_MATCH = YES;
				"CODE_SIGN_IDENTITY[sdk=iphoneos*]" = "iPhone Developer";
				COPY_PHASE_STRIP = NO;
				DEBUG_INFORMATION_FORMAT = dwarf;
				ENABLE_STRICT_OBJC_MSGSEND = YES;
				ENABLE_TESTABILITY = YES;
				GCC_C_LANGUAGE_STANDARD = gnu99;
				GCC_DYNAMIC_NO_PIC = NO;
				GCC_NO_COMMON_BLOCKS = YES;
				GCC_OPTIMIZATION_LEVEL = 0;
				GCC_PREPROCESSOR_DEFINITIONS = (
					"DEBUG=1",
					"$(inherited)",
				);
				GCC_WARN_64_TO_32_BIT_CONVERSION = YES;
				GCC_WARN_ABOUT_RETURN_TYPE = YES_ERROR;
				GCC_WARN_UNDECLARED_SELECTOR = YES;
				GCC_WARN_UNINITIALIZED_AUTOS = YES_AGGRESSIVE;
				GCC_WARN_UNUSED_FUNCTION = YES;
				GCC_WARN_UNUSED_VARIABLE = YES;
				IPHONEOS_DEPLOYMENT_TARGET = 10.2;
				MTL_ENABLE_DEBUG_INFO = YES;
				ONLY_ACTIVE_ARCH = YES;
				SDKROOT = iphoneos;
			};
			name = Debug;
		};
		B48BB5E51E5451C9006F1B1A /* Release */ = {
			isa = XCBuildConfiguration;
			buildSettings = {
				ALWAYS_SEARCH_USER_PATHS = NO;
				CLANG_ANALYZER_NONNULL = YES;
				CLANG_CXX_LANGUAGE_STANDARD = "gnu++0x";
				CLANG_CXX_LIBRARY = "libc++";
				CLANG_ENABLE_MODULES = YES;
				CLANG_ENABLE_OBJC_ARC = YES;
				CLANG_WARN_BOOL_CONVERSION = YES;
				CLANG_WARN_CONSTANT_CONVERSION = YES;
				CLANG_WARN_DIRECT_OBJC_ISA_USAGE = YES_ERROR;
				CLANG_WARN_DOCUMENTATION_COMMENTS = YES;
				CLANG_WARN_EMPTY_BODY = YES;
				CLANG_WARN_ENUM_CONVERSION = YES;
				CLANG_WARN_INFINITE_RECURSION = YES;
				CLANG_WARN_INT_CONVERSION = YES;
				CLANG_WARN_OBJC_ROOT_CLASS = YES_ERROR;
				CLANG_WARN_SUSPICIOUS_MOVE = YES;
				CLANG_WARN_UNREACHABLE_CODE = YES;
				CLANG_WARN__DUPLICATE_METHOD_MATCH = YES;
				"CODE_SIGN_IDENTITY[sdk=iphoneos*]" = "iPhone Developer";
				COPY_PHASE_STRIP = NO;
				DEBUG_INFORMATION_FORMAT = "dwarf-with-dsym";
				ENABLE_NS_ASSERTIONS = NO;
				ENABLE_STRICT_OBJC_MSGSEND = YES;
				GCC_C_LANGUAGE_STANDARD = gnu99;
				GCC_NO_COMMON_BLOCKS = YES;
				GCC_WARN_64_TO_32_BIT_CONVERSION = YES;
				GCC_WARN_ABOUT_RETURN_TYPE = YES_ERROR;
				GCC_WARN_UNDECLARED_SELECTOR = YES;
				GCC_WARN_UNINITIALIZED_AUTOS = YES_AGGRESSIVE;
				GCC_WARN_UNUSED_FUNCTION = YES;
				GCC_WARN_UNUSED_VARIABLE = YES;
				IPHONEOS_DEPLOYMENT_TARGET = 10.2;
				MTL_ENABLE_DEBUG_INFO = NO;
				SDKROOT = iphoneos;
				VALIDATE_PRODUCT = YES;
			};
			name = Release;
		};
		B48BB5E71E5451C9006F1B1A /* Debug */ = {
			isa = XCBuildConfiguration;
			baseConfigurationReference = D09A88B268A10848B4A5A88B /* Pods-BWNetworkKit.debug.xcconfig */;
			buildSettings = {
				ASSETCATALOG_COMPILER_APPICON_NAME = AppIcon;
				DEVELOPMENT_TEAM = V3E8GUFW32;
				INFOPLIST_FILE = BWNetworkKit/Info.plist;
				LD_RUNPATH_SEARCH_PATHS = "$(inherited) @executable_path/Frameworks";
				PRODUCT_BUNDLE_IDENTIFIER = com.bws.BWNetworkKit;
				PRODUCT_NAME = "$(TARGET_NAME)";
			};
			name = Debug;
		};
		B48BB5E81E5451C9006F1B1A /* Release */ = {
			isa = XCBuildConfiguration;
			baseConfigurationReference = 23B7EA081DBE7A87444BB2A9 /* Pods-BWNetworkKit.release.xcconfig */;
			buildSettings = {
				ASSETCATALOG_COMPILER_APPICON_NAME = AppIcon;
				DEVELOPMENT_TEAM = V3E8GUFW32;
				INFOPLIST_FILE = BWNetworkKit/Info.plist;
				LD_RUNPATH_SEARCH_PATHS = "$(inherited) @executable_path/Frameworks";
				PRODUCT_BUNDLE_IDENTIFIER = com.bws.BWNetworkKit;
				PRODUCT_NAME = "$(TARGET_NAME)";
			};
			name = Release;
		};
		B48BB5EA1E5451C9006F1B1A /* Debug */ = {
			isa = XCBuildConfiguration;
			buildSettings = {
				BUNDLE_LOADER = "$(TEST_HOST)";
				DEVELOPMENT_TEAM = V3E8GUFW32;
				INFOPLIST_FILE = BWNetworkKitTests/Info.plist;
				LD_RUNPATH_SEARCH_PATHS = "$(inherited) @executable_path/Frameworks @loader_path/Frameworks";
				PRODUCT_BUNDLE_IDENTIFIER = com.bws.BWNetworkKitTests;
				PRODUCT_NAME = "$(TARGET_NAME)";
				TEST_HOST = "$(BUILT_PRODUCTS_DIR)/BWNetworkKit.app/BWNetworkKit";
			};
			name = Debug;
		};
		B48BB5EB1E5451C9006F1B1A /* Release */ = {
			isa = XCBuildConfiguration;
			buildSettings = {
				BUNDLE_LOADER = "$(TEST_HOST)";
				DEVELOPMENT_TEAM = V3E8GUFW32;
				INFOPLIST_FILE = BWNetworkKitTests/Info.plist;
				LD_RUNPATH_SEARCH_PATHS = "$(inherited) @executable_path/Frameworks @loader_path/Frameworks";
				PRODUCT_BUNDLE_IDENTIFIER = com.bws.BWNetworkKitTests;
				PRODUCT_NAME = "$(TARGET_NAME)";
				TEST_HOST = "$(BUILT_PRODUCTS_DIR)/BWNetworkKit.app/BWNetworkKit";
			};
			name = Release;
		};
		B48BB5ED1E5451C9006F1B1A /* Debug */ = {
			isa = XCBuildConfiguration;
			buildSettings = {
				DEVELOPMENT_TEAM = V3E8GUFW32;
				INFOPLIST_FILE = BWNetworkKitUITests/Info.plist;
				LD_RUNPATH_SEARCH_PATHS = "$(inherited) @executable_path/Frameworks @loader_path/Frameworks";
				PRODUCT_BUNDLE_IDENTIFIER = com.bws.BWNetworkKitUITests;
				PRODUCT_NAME = "$(TARGET_NAME)";
				TEST_TARGET_NAME = BWNetworkKit;
			};
			name = Debug;
		};
		B48BB5EE1E5451C9006F1B1A /* Release */ = {
			isa = XCBuildConfiguration;
			buildSettings = {
				DEVELOPMENT_TEAM = V3E8GUFW32;
				INFOPLIST_FILE = BWNetworkKitUITests/Info.plist;
				LD_RUNPATH_SEARCH_PATHS = "$(inherited) @executable_path/Frameworks @loader_path/Frameworks";
				PRODUCT_BUNDLE_IDENTIFIER = com.bws.BWNetworkKitUITests;
				PRODUCT_NAME = "$(TARGET_NAME)";
				TEST_TARGET_NAME = BWNetworkKit;
			};
			name = Release;
		};
/* End XCBuildConfiguration section */

/* Begin XCConfigurationList section */
		B48BB5B41E5451C8006F1B1A /* Build configuration list for PBXProject "BWNetworkKit" */ = {
			isa = XCConfigurationList;
			buildConfigurations = (
				B48BB5E41E5451C9006F1B1A /* Debug */,
				B48BB5E51E5451C9006F1B1A /* Release */,
			);
			defaultConfigurationIsVisible = 0;
			defaultConfigurationName = Release;
		};
		B48BB5E61E5451C9006F1B1A /* Build configuration list for PBXNativeTarget "BWNetworkKit" */ = {
			isa = XCConfigurationList;
			buildConfigurations = (
				B48BB5E71E5451C9006F1B1A /* Debug */,
				B48BB5E81E5451C9006F1B1A /* Release */,
			);
			defaultConfigurationIsVisible = 0;
			defaultConfigurationName = Release;
		};
		B48BB5E91E5451C9006F1B1A /* Build configuration list for PBXNativeTarget "BWNetworkKitTests" */ = {
			isa = XCConfigurationList;
			buildConfigurations = (
				B48BB5EA1E5451C9006F1B1A /* Debug */,
				B48BB5EB1E5451C9006F1B1A /* Release */,
			);
			defaultConfigurationIsVisible = 0;
			defaultConfigurationName = Release;
		};
		B48BB5EC1E5451C9006F1B1A /* Build configuration list for PBXNativeTarget "BWNetworkKitUITests" */ = {
			isa = XCConfigurationList;
			buildConfigurations = (
				B48BB5ED1E5451C9006F1B1A /* Debug */,
				B48BB5EE1E5451C9006F1B1A /* Release */,
			);
			defaultConfigurationIsVisible = 0;
			defaultConfigurationName = Release;
		};
/* End XCConfigurationList section */
	};
	rootObject = B48BB5B11E5451C8006F1B1A /* Project object */;
}
